// !$*UTF8*$!
{
	archiveVersion = 1;
	classes = {
	};
	objectVersion = 46;
	objects = {

/* Begin PBXBuildFile section */
		7C3ED67A8E4C0A3AB660035A /* Pods_Twitter.framework in Frameworks */ = {isa = PBXBuildFile; fileRef = C6D62FF8D3E1BECFEEF5CA40 /* Pods_Twitter.framework */; };
		EC1687071BEEF123001779D2 /* User.swift in Sources */ = {isa = PBXBuildFile; fileRef = EC1687061BEEF123001779D2 /* User.swift */; };
		EC1687091BEEFA83001779D2 /* TwitterHelper.swift in Sources */ = {isa = PBXBuildFile; fileRef = EC1687081BEEFA83001779D2 /* TwitterHelper.swift */; };
		EC16870B1BEF0DFC001779D2 /* twitterProfile.png in Resources */ = {isa = PBXBuildFile; fileRef = EC16870A1BEF0DFC001779D2 /* twitterProfile.png */; };
		EC16870D1BEF91F4001779D2 /* Storyboard.storyboard in Resources */ = {isa = PBXBuildFile; fileRef = EC16870C1BEF91F4001779D2 /* Storyboard.storyboard */; };
		EC1687111BEFA08F001779D2 /* like.png in Resources */ = {isa = PBXBuildFile; fileRef = EC16870E1BEFA08F001779D2 /* like.png */; };
		EC1687121BEFA08F001779D2 /* reply.png in Resources */ = {isa = PBXBuildFile; fileRef = EC16870F1BEFA08F001779D2 /* reply.png */; };
		EC1687131BEFA08F001779D2 /* retwitter.png in Resources */ = {isa = PBXBuildFile; fileRef = EC1687101BEFA08F001779D2 /* retwitter.png */; };
		EC1687151BEFA5CA001779D2 /* TwitterContent.swift in Sources */ = {isa = PBXBuildFile; fileRef = EC1687141BEFA5CA001779D2 /* TwitterContent.swift */; };
		EC1687171BEFB437001779D2 /* NewTwitterViewController.swift in Sources */ = {isa = PBXBuildFile; fileRef = EC1687161BEFB437001779D2 /* NewTwitterViewController.swift */; };
		EC8302561BEE9E1B00B42C69 /* SigninViewController.swift in Sources */ = {isa = PBXBuildFile; fileRef = EC8302551BEE9E1B00B42C69 /* SigninViewController.swift */; };
		EC83025B1BEEA75700B42C69 /* TwitterTableViewCell.swift in Sources */ = {isa = PBXBuildFile; fileRef = EC83025A1BEEA75700B42C69 /* TwitterTableViewCell.swift */; };
		EC83025D1BEEAF2A00B42C69 /* signInWithTwitter.png in Resources */ = {isa = PBXBuildFile; fileRef = EC83025C1BEEAF2A00B42C69 /* signInWithTwitter.png */; };
		EC9973B81BE98511003F1E6F /* TwitterNavigationViewController.swift in Sources */ = {isa = PBXBuildFile; fileRef = EC9973B71BE98511003F1E6F /* TwitterNavigationViewController.swift */; };
		ECA0507F1BEE9B3B005F087A /* TwitterUIColor.swift in Sources */ = {isa = PBXBuildFile; fileRef = ECA0507E1BEE9B3B005F087A /* TwitterUIColor.swift */; };
		ECEB65FB1BE97AE8002DE9B0 /* AppDelegate.swift in Sources */ = {isa = PBXBuildFile; fileRef = ECEB65FA1BE97AE8002DE9B0 /* AppDelegate.swift */; };
		ECEB65FD1BE97AE8002DE9B0 /* TwitterViewController.swift in Sources */ = {isa = PBXBuildFile; fileRef = ECEB65FC1BE97AE8002DE9B0 /* TwitterViewController.swift */; };
		ECEB66021BE97AE8002DE9B0 /* Assets.xcassets in Resources */ = {isa = PBXBuildFile; fileRef = ECEB66011BE97AE8002DE9B0 /* Assets.xcassets */; };
		ECEB66051BE97AE8002DE9B0 /* LaunchScreen.storyboard in Resources */ = {isa = PBXBuildFile; fileRef = ECEB66031BE97AE8002DE9B0 /* LaunchScreen.storyboard */; };
		ECEB66101BE97AE8002DE9B0 /* TwitterTests.swift in Sources */ = {isa = PBXBuildFile; fileRef = ECEB660F1BE97AE8002DE9B0 /* TwitterTests.swift */; };
		ECEB661B1BE97AE8002DE9B0 /* TwitterUITests.swift in Sources */ = {isa = PBXBuildFile; fileRef = ECEB661A1BE97AE8002DE9B0 /* TwitterUITests.swift */; };
/* End PBXBuildFile section */

/* Begin PBXContainerItemProxy section */
		ECEB660C1BE97AE8002DE9B0 /* PBXContainerItemProxy */ = {
			isa = PBXContainerItemProxy;
			containerPortal = ECEB65EF1BE97AE8002DE9B0 /* Project object */;
			proxyType = 1;
			remoteGlobalIDString = ECEB65F61BE97AE8002DE9B0;
			remoteInfo = Twitter;
		};
		ECEB66171BE97AE8002DE9B0 /* PBXContainerItemProxy */ = {
			isa = PBXContainerItemProxy;
			containerPortal = ECEB65EF1BE97AE8002DE9B0 /* Project object */;
			proxyType = 1;
			remoteGlobalIDString = ECEB65F61BE97AE8002DE9B0;
			remoteInfo = Twitter;
		};
/* End PBXContainerItemProxy section */

/* Begin PBXFileReference section */
		282B43EFD3EF8AF21A9E43AF /* Pods-Twitter.release.xcconfig */ = {isa = PBXFileReference; includeInIndex = 1; lastKnownFileType = text.xcconfig; name = "Pods-Twitter.release.xcconfig"; path = "Pods/Target Support Files/Pods-Twitter/Pods-Twitter.release.xcconfig"; sourceTree = "<group>"; };
		C6D62FF8D3E1BECFEEF5CA40 /* Pods_Twitter.framework */ = {isa = PBXFileReference; explicitFileType = wrapper.framework; includeInIndex = 0; path = Pods_Twitter.framework; sourceTree = BUILT_PRODUCTS_DIR; };
		DB2D22E00B332A8FECB668F0 /* Pods-Twitter.debug.xcconfig */ = {isa = PBXFileReference; includeInIndex = 1; lastKnownFileType = text.xcconfig; name = "Pods-Twitter.debug.xcconfig"; path = "Pods/Target Support Files/Pods-Twitter/Pods-Twitter.debug.xcconfig"; sourceTree = "<group>"; };
		EC1687061BEEF123001779D2 /* User.swift */ = {isa = PBXFileReference; fileEncoding = 4; lastKnownFileType = sourcecode.swift; path = User.swift; sourceTree = "<group>"; };
		EC1687081BEEFA83001779D2 /* TwitterHelper.swift */ = {isa = PBXFileReference; fileEncoding = 4; lastKnownFileType = sourcecode.swift; path = TwitterHelper.swift; sourceTree = "<group>"; };
		EC16870A1BEF0DFC001779D2 /* twitterProfile.png */ = {isa = PBXFileReference; lastKnownFileType = image.png; path = twitterProfile.png; sourceTree = "<group>"; };
		EC16870C1BEF91F4001779D2 /* Storyboard.storyboard */ = {isa = PBXFileReference; fileEncoding = 4; lastKnownFileType = file.storyboard; path = Storyboard.storyboard; sourceTree = "<group>"; };
		EC16870E1BEFA08F001779D2 /* like.png */ = {isa = PBXFileReference; lastKnownFileType = image.png; path = like.png; sourceTree = "<group>"; };
		EC16870F1BEFA08F001779D2 /* reply.png */ = {isa = PBXFileReference; lastKnownFileType = image.png; path = reply.png; sourceTree = "<group>"; };
		EC1687101BEFA08F001779D2 /* retwitter.png */ = {isa = PBXFileReference; lastKnownFileType = image.png; path = retwitter.png; sourceTree = "<group>"; };
		EC1687141BEFA5CA001779D2 /* TwitterContent.swift */ = {isa = PBXFileReference; fileEncoding = 4; lastKnownFileType = sourcecode.swift; path = TwitterContent.swift; sourceTree = "<group>"; };
		EC1687161BEFB437001779D2 /* NewTwitterViewController.swift */ = {isa = PBXFileReference; fileEncoding = 4; lastKnownFileType = sourcecode.swift; path = NewTwitterViewController.swift; sourceTree = "<group>"; };
		EC8302551BEE9E1B00B42C69 /* SigninViewController.swift */ = {isa = PBXFileReference; fileEncoding = 4; lastKnownFileType = sourcecode.swift; path = SigninViewController.swift; sourceTree = "<group>"; };
		EC83025A1BEEA75700B42C69 /* TwitterTableViewCell.swift */ = {isa = PBXFileReference; fileEncoding = 4; lastKnownFileType = sourcecode.swift; path = TwitterTableViewCell.swift; sourceTree = "<group>"; };
		EC83025C1BEEAF2A00B42C69 /* signInWithTwitter.png */ = {isa = PBXFileReference; lastKnownFileType = image.png; path = signInWithTwitter.png; sourceTree = "<group>"; };
		EC9973B71BE98511003F1E6F /* TwitterNavigationViewController.swift */ = {isa = PBXFileReference; fileEncoding = 4; lastKnownFileType = sourcecode.swift; path = TwitterNavigationViewController.swift; sourceTree = "<group>"; };
		ECA0507E1BEE9B3B005F087A /* TwitterUIColor.swift */ = {isa = PBXFileReference; fileEncoding = 4; lastKnownFileType = sourcecode.swift; path = TwitterUIColor.swift; sourceTree = "<group>"; };
		ECEB65F71BE97AE8002DE9B0 /* Twitter.app */ = {isa = PBXFileReference; explicitFileType = wrapper.application; includeInIndex = 0; path = Twitter.app; sourceTree = BUILT_PRODUCTS_DIR; };
		ECEB65FA1BE97AE8002DE9B0 /* AppDelegate.swift */ = {isa = PBXFileReference; lastKnownFileType = sourcecode.swift; path = AppDelegate.swift; sourceTree = "<group>"; };
		ECEB65FC1BE97AE8002DE9B0 /* TwitterViewController.swift */ = {isa = PBXFileReference; lastKnownFileType = sourcecode.swift; path = TwitterViewController.swift; sourceTree = "<group>"; };
		ECEB66011BE97AE8002DE9B0 /* Assets.xcassets */ = {isa = PBXFileReference; lastKnownFileType = folder.assetcatalog; path = Assets.xcassets; sourceTree = "<group>"; };
		ECEB66041BE97AE8002DE9B0 /* Base */ = {isa = PBXFileReference; lastKnownFileType = file.storyboard; name = Base; path = Base.lproj/LaunchScreen.storyboard; sourceTree = "<group>"; };
		ECEB66061BE97AE8002DE9B0 /* Info.plist */ = {isa = PBXFileReference; lastKnownFileType = text.plist.xml; path = Info.plist; sourceTree = "<group>"; };
		ECEB660B1BE97AE8002DE9B0 /* TwitterTests.xctest */ = {isa = PBXFileReference; explicitFileType = wrapper.cfbundle; includeInIndex = 0; path = TwitterTests.xctest; sourceTree = BUILT_PRODUCTS_DIR; };
		ECEB660F1BE97AE8002DE9B0 /* TwitterTests.swift */ = {isa = PBXFileReference; lastKnownFileType = sourcecode.swift; path = TwitterTests.swift; sourceTree = "<group>"; };
		ECEB66111BE97AE8002DE9B0 /* Info.plist */ = {isa = PBXFileReference; lastKnownFileType = text.plist.xml; path = Info.plist; sourceTree = "<group>"; };
		ECEB66161BE97AE8002DE9B0 /* TwitterUITests.xctest */ = {isa = PBXFileReference; explicitFileType = wrapper.cfbundle; includeInIndex = 0; path = TwitterUITests.xctest; sourceTree = BUILT_PRODUCTS_DIR; };
		ECEB661A1BE97AE8002DE9B0 /* TwitterUITests.swift */ = {isa = PBXFileReference; lastKnownFileType = sourcecode.swift; path = TwitterUITests.swift; sourceTree = "<group>"; };
		ECEB661C1BE97AE8002DE9B0 /* Info.plist */ = {isa = PBXFileReference; lastKnownFileType = text.plist.xml; path = Info.plist; sourceTree = "<group>"; };
/* End PBXFileReference section */

/* Begin PBXFrameworksBuildPhase section */
		ECEB65F41BE97AE8002DE9B0 /* Frameworks */ = {
			isa = PBXFrameworksBuildPhase;
			buildActionMask = 2147483647;
			files = (
				7C3ED67A8E4C0A3AB660035A /* Pods_Twitter.framework in Frameworks */,
			);
			runOnlyForDeploymentPostprocessing = 0;
		};
		ECEB66081BE97AE8002DE9B0 /* Frameworks */ = {
			isa = PBXFrameworksBuildPhase;
			buildActionMask = 2147483647;
			files = (
			);
			runOnlyForDeploymentPostprocessing = 0;
		};
		ECEB66131BE97AE8002DE9B0 /* Frameworks */ = {
			isa = PBXFrameworksBuildPhase;
			buildActionMask = 2147483647;
			files = (
			);
			runOnlyForDeploymentPostprocessing = 0;
		};
/* End PBXFrameworksBuildPhase section */

/* Begin PBXGroup section */
		14632BA2A1E0896863B7E8FD /* Pods */ = {
			isa = PBXGroup;
			children = (
				DB2D22E00B332A8FECB668F0 /* Pods-Twitter.debug.xcconfig */,
				282B43EFD3EF8AF21A9E43AF /* Pods-Twitter.release.xcconfig */,
			);
			name = Pods;
			sourceTree = "<group>";
		};
		B8BE243717A890F4FECDEC5F /* Frameworks */ = {
			isa = PBXGroup;
			children = (
				C6D62FF8D3E1BECFEEF5CA40 /* Pods_Twitter.framework */,
			);
			name = Frameworks;
			sourceTree = "<group>";
		};
		EC8302591BEEA74300B42C69 /* Cells */ = {
			isa = PBXGroup;
			children = (
				EC83025A1BEEA75700B42C69 /* TwitterTableViewCell.swift */,
			);
			name = Cells;
			sourceTree = "<group>";
		};
		ECA0507D1BEE9B19005F087A /* Constants */ = {
			isa = PBXGroup;
			children = (
				ECA0507E1BEE9B3B005F087A /* TwitterUIColor.swift */,
				EC1687081BEEFA83001779D2 /* TwitterHelper.swift */,
			);
			name = Constants;
			sourceTree = "<group>";
		};
		ECEB65EE1BE97AE8002DE9B0 = {
			isa = PBXGroup;
			children = (
				ECEB65F91BE97AE8002DE9B0 /* Twitter */,
				ECEB660E1BE97AE8002DE9B0 /* TwitterTests */,
				ECEB66191BE97AE8002DE9B0 /* TwitterUITests */,
				ECEB65F81BE97AE8002DE9B0 /* Products */,
				14632BA2A1E0896863B7E8FD /* Pods */,
				B8BE243717A890F4FECDEC5F /* Frameworks */,
			);
			sourceTree = "<group>";
		};
		ECEB65F81BE97AE8002DE9B0 /* Products */ = {
			isa = PBXGroup;
			children = (
				ECEB65F71BE97AE8002DE9B0 /* Twitter.app */,
				ECEB660B1BE97AE8002DE9B0 /* TwitterTests.xctest */,
				ECEB66161BE97AE8002DE9B0 /* TwitterUITests.xctest */,
			);
			name = Products;
			sourceTree = "<group>";
		};
		ECEB65F91BE97AE8002DE9B0 /* Twitter */ = {
			isa = PBXGroup;
			children = (
				EC16870E1BEFA08F001779D2 /* like.png */,
				EC16870F1BEFA08F001779D2 /* reply.png */,
				EC1687101BEFA08F001779D2 /* retwitter.png */,
				EC16870C1BEF91F4001779D2 /* Storyboard.storyboard */,
				EC16870A1BEF0DFC001779D2 /* twitterProfile.png */,
				EC83025C1BEEAF2A00B42C69 /* signInWithTwitter.png */,
				EC8302591BEEA74300B42C69 /* Cells */,
				ECA0507D1BEE9B19005F087A /* Constants */,
				ECEB66291BE97B11002DE9B0 /* Models */,
				ECEB66281BE97B04002DE9B0 /* Views */,
				ECEB65FA1BE97AE8002DE9B0 /* AppDelegate.swift */,
				ECEB66011BE97AE8002DE9B0 /* Assets.xcassets */,
				ECEB66031BE97AE8002DE9B0 /* LaunchScreen.storyboard */,
				ECEB66061BE97AE8002DE9B0 /* Info.plist */,
			);
			path = Twitter;
			sourceTree = "<group>";
		};
		ECEB660E1BE97AE8002DE9B0 /* TwitterTests */ = {
			isa = PBXGroup;
			children = (
				ECEB660F1BE97AE8002DE9B0 /* TwitterTests.swift */,
				ECEB66111BE97AE8002DE9B0 /* Info.plist */,
			);
			path = TwitterTests;
			sourceTree = "<group>";
		};
		ECEB66191BE97AE8002DE9B0 /* TwitterUITests */ = {
			isa = PBXGroup;
			children = (
				ECEB661A1BE97AE8002DE9B0 /* TwitterUITests.swift */,
				ECEB661C1BE97AE8002DE9B0 /* Info.plist */,
			);
			path = TwitterUITests;
			sourceTree = "<group>";
		};
		ECEB66281BE97B04002DE9B0 /* Views */ = {
			isa = PBXGroup;
			children = (
				EC9973B71BE98511003F1E6F /* TwitterNavigationViewController.swift */,
				ECEB65FC1BE97AE8002DE9B0 /* TwitterViewController.swift */,
				EC1687161BEFB437001779D2 /* NewTwitterViewController.swift */,
				EC8302551BEE9E1B00B42C69 /* SigninViewController.swift */,
			);
			name = Views;
			sourceTree = "<group>";
		};
		ECEB66291BE97B11002DE9B0 /* Models */ = {
			isa = PBXGroup;
			children = (
				EC1687061BEEF123001779D2 /* User.swift */,
				EC1687141BEFA5CA001779D2 /* TwitterContent.swift */,
			);
			name = Models;
			sourceTree = "<group>";
		};
/* End PBXGroup section */

/* Begin PBXNativeTarget section */
		ECEB65F61BE97AE8002DE9B0 /* Twitter */ = {
			isa = PBXNativeTarget;
			buildConfigurationList = ECEB661F1BE97AE8002DE9B0 /* Build configuration list for PBXNativeTarget "Twitter" */;
			buildPhases = (
				335274F86A52BB7F0085D761 /* Check Pods Manifest.lock */,
				ECEB65F31BE97AE8002DE9B0 /* Sources */,
				ECEB65F41BE97AE8002DE9B0 /* Frameworks */,
				ECEB65F51BE97AE8002DE9B0 /* Resources */,
				948D09D47EB3EE243B7ABDB7 /* Embed Pods Frameworks */,
				73196D6FF8B1E48EA8B5AE50 /* Copy Pods Resources */,
			);
			buildRules = (
			);
			dependencies = (
			);
			name = Twitter;
			productName = Twitter;
			productReference = ECEB65F71BE97AE8002DE9B0 /* Twitter.app */;
			productType = "com.apple.product-type.application";
		};
		ECEB660A1BE97AE8002DE9B0 /* TwitterTests */ = {
			isa = PBXNativeTarget;
			buildConfigurationList = ECEB66221BE97AE8002DE9B0 /* Build configuration list for PBXNativeTarget "TwitterTests" */;
			buildPhases = (
				ECEB66071BE97AE8002DE9B0 /* Sources */,
				ECEB66081BE97AE8002DE9B0 /* Frameworks */,
				ECEB66091BE97AE8002DE9B0 /* Resources */,
			);
			buildRules = (
			);
			dependencies = (
				ECEB660D1BE97AE8002DE9B0 /* PBXTargetDependency */,
			);
			name = TwitterTests;
			productName = TwitterTests;
			productReference = ECEB660B1BE97AE8002DE9B0 /* TwitterTests.xctest */;
			productType = "com.apple.product-type.bundle.unit-test";
		};
		ECEB66151BE97AE8002DE9B0 /* TwitterUITests */ = {
			isa = PBXNativeTarget;
			buildConfigurationList = ECEB66251BE97AE8002DE9B0 /* Build configuration list for PBXNativeTarget "TwitterUITests" */;
			buildPhases = (
				ECEB66121BE97AE8002DE9B0 /* Sources */,
				ECEB66131BE97AE8002DE9B0 /* Frameworks */,
				ECEB66141BE97AE8002DE9B0 /* Resources */,
			);
			buildRules = (
			);
			dependencies = (
				ECEB66181BE97AE8002DE9B0 /* PBXTargetDependency */,
			);
			name = TwitterUITests;
			productName = TwitterUITests;
			productReference = ECEB66161BE97AE8002DE9B0 /* TwitterUITests.xctest */;
			productType = "com.apple.product-type.bundle.ui-testing";
		};
/* End PBXNativeTarget section */

/* Begin PBXProject section */
		ECEB65EF1BE97AE8002DE9B0 /* Project object */ = {
			isa = PBXProject;
			attributes = {
				LastSwiftUpdateCheck = 0710;
				LastUpgradeCheck = 0710;
				ORGANIZATIONNAME = "Ping Zhang";
				TargetAttributes = {
					ECEB65F61BE97AE8002DE9B0 = {
						CreatedOnToolsVersion = 7.1;
					};
					ECEB660A1BE97AE8002DE9B0 = {
						CreatedOnToolsVersion = 7.1;
						TestTargetID = ECEB65F61BE97AE8002DE9B0;
					};
					ECEB66151BE97AE8002DE9B0 = {
						CreatedOnToolsVersion = 7.1;
						TestTargetID = ECEB65F61BE97AE8002DE9B0;
					};
				};
			};
			buildConfigurationList = ECEB65F21BE97AE8002DE9B0 /* Build configuration list for PBXProject "Twitter" */;
			compatibilityVersion = "Xcode 3.2";
			developmentRegion = English;
			hasScannedForEncodings = 0;
			knownRegions = (
				en,
				Base,
			);
			mainGroup = ECEB65EE1BE97AE8002DE9B0;
			productRefGroup = ECEB65F81BE97AE8002DE9B0 /* Products */;
			projectDirPath = "";
			projectRoot = "";
			targets = (
				ECEB65F61BE97AE8002DE9B0 /* Twitter */,
				ECEB660A1BE97AE8002DE9B0 /* TwitterTests */,
				ECEB66151BE97AE8002DE9B0 /* TwitterUITests */,
			);
		};
/* End PBXProject section */

/* Begin PBXResourcesBuildPhase section */
		ECEB65F51BE97AE8002DE9B0 /* Resources */ = {
			isa = PBXResourcesBuildPhase;
			buildActionMask = 2147483647;
			files = (
				ECEB66051BE97AE8002DE9B0 /* LaunchScreen.storyboard in Resources */,
				EC1687131BEFA08F001779D2 /* retwitter.png in Resources */,
				EC16870B1BEF0DFC001779D2 /* twitterProfile.png in Resources */,
				EC1687111BEFA08F001779D2 /* like.png in Resources */,
				EC83025D1BEEAF2A00B42C69 /* signInWithTwitter.png in Resources */,
				ECEB66021BE97AE8002DE9B0 /* Assets.xcassets in Resources */,
				EC1687121BEFA08F001779D2 /* reply.png in Resources */,
				EC16870D1BEF91F4001779D2 /* Storyboard.storyboard in Resources */,
			);
			runOnlyForDeploymentPostprocessing = 0;
		};
		ECEB66091BE97AE8002DE9B0 /* Resources */ = {
			isa = PBXResourcesBuildPhase;
			buildActionMask = 2147483647;
			files = (
			);
			runOnlyForDeploymentPostprocessing = 0;
		};
		ECEB66141BE97AE8002DE9B0 /* Resources */ = {
			isa = PBXResourcesBuildPhase;
			buildActionMask = 2147483647;
			files = (
			);
			runOnlyForDeploymentPostprocessing = 0;
		};
/* End PBXResourcesBuildPhase section */

/* Begin PBXShellScriptBuildPhase section */
		335274F86A52BB7F0085D761 /* Check Pods Manifest.lock */ = {
			isa = PBXShellScriptBuildPhase;
			buildActionMask = 2147483647;
			files = (
			);
			inputPaths = (
			);
			name = "Check Pods Manifest.lock";
			outputPaths = (
			);
			runOnlyForDeploymentPostprocessing = 0;
			shellPath = /bin/sh;
			shellScript = "diff \"${PODS_ROOT}/../Podfile.lock\" \"${PODS_ROOT}/Manifest.lock\" > /dev/null\nif [[ $? != 0 ]] ; then\n    cat << EOM\nerror: The sandbox is not in sync with the Podfile.lock. Run 'pod install' or update your CocoaPods installation.\nEOM\n    exit 1\nfi\n";
			showEnvVarsInLog = 0;
		};
		73196D6FF8B1E48EA8B5AE50 /* Copy Pods Resources */ = {
			isa = PBXShellScriptBuildPhase;
			buildActionMask = 2147483647;
			files = (
			);
			inputPaths = (
			);
			name = "Copy Pods Resources";
			outputPaths = (
			);
			runOnlyForDeploymentPostprocessing = 0;
			shellPath = /bin/sh;
			shellScript = "\"${SRCROOT}/Pods/Target Support Files/Pods-Twitter/Pods-Twitter-resources.sh\"\n";
			showEnvVarsInLog = 0;
		};
		948D09D47EB3EE243B7ABDB7 /* Embed Pods Frameworks */ = {
			isa = PBXShellScriptBuildPhase;
			buildActionMask = 2147483647;
			files = (
			);
			inputPaths = (
			);
			name = "Embed Pods Frameworks";
			outputPaths = (
			);
			runOnlyForDeploymentPostprocessing = 0;
			shellPath = /bin/sh;
			shellScript = "\"${SRCROOT}/Pods/Target Support Files/Pods-Twitter/Pods-Twitter-frameworks.sh\"\n";
			showEnvVarsInLog = 0;
		};
/* End PBXShellScriptBuildPhase section */

/* Begin PBXSourcesBuildPhase section */
		ECEB65F31BE97AE8002DE9B0 /* Sources */ = {
			isa = PBXSourcesBuildPhase;
			buildActionMask = 2147483647;
			files = (
				EC1687151BEFA5CA001779D2 /* TwitterContent.swift in Sources */,
				EC9973B81BE98511003F1E6F /* TwitterNavigationViewController.swift in Sources */,
				EC1687091BEEFA83001779D2 /* TwitterHelper.swift in Sources */,
				EC8302561BEE9E1B00B42C69 /* SigninViewController.swift in Sources */,
				ECEB65FD1BE97AE8002DE9B0 /* TwitterViewController.swift in Sources */,
				EC83025B1BEEA75700B42C69 /* TwitterTableViewCell.swift in Sources */,
				EC1687071BEEF123001779D2 /* User.swift in Sources */,
				EC1687171BEFB437001779D2 /* NewTwitterViewController.swift in Sources */,
				ECEB65FB1BE97AE8002DE9B0 /* AppDelegate.swift in Sources */,
				ECA0507F1BEE9B3B005F087A /* TwitterUIColor.swift in Sources */,
			);
			runOnlyForDeploymentPostprocessing = 0;
		};
		ECEB66071BE97AE8002DE9B0 /* Sources */ = {
			isa = PBXSourcesBuildPhase;
			buildActionMask = 2147483647;
			files = (
				ECEB66101BE97AE8002DE9B0 /* TwitterTests.swift in Sources */,
			);
			runOnlyForDeploymentPostprocessing = 0;
		};
		ECEB66121BE97AE8002DE9B0 /* Sources */ = {
			isa = PBXSourcesBuildPhase;
			buildActionMask = 2147483647;
			files = (
				ECEB661B1BE97AE8002DE9B0 /* TwitterUITests.swift in Sources */,
			);
			runOnlyForDeploymentPostprocessing = 0;
		};
/* End PBXSourcesBuildPhase section */

/* Begin PBXTargetDependency section */
		ECEB660D1BE97AE8002DE9B0 /* PBXTargetDependency */ = {
			isa = PBXTargetDependency;
			target = ECEB65F61BE97AE8002DE9B0 /* Twitter */;
			targetProxy = ECEB660C1BE97AE8002DE9B0 /* PBXContainerItemProxy */;
		};
		ECEB66181BE97AE8002DE9B0 /* PBXTargetDependency */ = {
			isa = PBXTargetDependency;
			target = ECEB65F61BE97AE8002DE9B0 /* Twitter */;
			targetProxy = ECEB66171BE97AE8002DE9B0 /* PBXContainerItemProxy */;
		};
/* End PBXTargetDependency section */

/* Begin PBXVariantGroup section */
		ECEB66031BE97AE8002DE9B0 /* LaunchScreen.storyboard */ = {
			isa = PBXVariantGroup;
			children = (
				ECEB66041BE97AE8002DE9B0 /* Base */,
			);
			name = LaunchScreen.storyboard;
			sourceTree = "<group>";
		};
/* End PBXVariantGroup section */

/* Begin XCBuildConfiguration section */
		ECEB661D1BE97AE8002DE9B0 /* Debug */ = {
			isa = XCBuildConfiguration;
			buildSettings = {
				ALWAYS_SEARCH_USER_PATHS = NO;
				CLANG_CXX_LANGUAGE_STANDARD = "gnu++0x";
				CLANG_CXX_LIBRARY = "libc++";
				CLANG_ENABLE_MODULES = YES;
				CLANG_ENABLE_OBJC_ARC = YES;
				CLANG_WARN_BOOL_CONVERSION = YES;
				CLANG_WARN_CONSTANT_CONVERSION = YES;
				CLANG_WARN_DIRECT_OBJC_ISA_USAGE = YES_ERROR;
				CLANG_WARN_EMPTY_BODY = YES;
				CLANG_WARN_ENUM_CONVERSION = YES;
				CLANG_WARN_INT_CONVERSION = YES;
				CLANG_WARN_OBJC_ROOT_CLASS = YES_ERROR;
				CLANG_WARN_UNREACHABLE_CODE = YES;
				CLANG_WARN__DUPLICATE_METHOD_MATCH = YES;
				"CODE_SIGN_IDENTITY[sdk=iphoneos*]" = "iPhone Developer";
				COPY_PHASE_STRIP = NO;
				DEBUG_INFORMATION_FORMAT = dwarf;
				ENABLE_STRICT_OBJC_MSGSEND = YES;
				ENABLE_TESTABILITY = YES;
				GCC_C_LANGUAGE_STANDARD = gnu99;
				GCC_DYNAMIC_NO_PIC = NO;
				GCC_NO_COMMON_BLOCKS = YES;
				GCC_OPTIMIZATION_LEVEL = 0;
				GCC_PREPROCESSOR_DEFINITIONS = (
					"DEBUG=1",
					"$(inherited)",
				);
				GCC_WARN_64_TO_32_BIT_CONVERSION = YES;
				GCC_WARN_ABOUT_RETURN_TYPE = YES_ERROR;
				GCC_WARN_UNDECLARED_SELECTOR = YES;
				GCC_WARN_UNINITIALIZED_AUTOS = YES_AGGRESSIVE;
				GCC_WARN_UNUSED_FUNCTION = YES;
				GCC_WARN_UNUSED_VARIABLE = YES;
				IPHONEOS_DEPLOYMENT_TARGET = 9.1;
				MTL_ENABLE_DEBUG_INFO = YES;
				ONLY_ACTIVE_ARCH = YES;
				SDKROOT = iphoneos;
				SWIFT_OPTIMIZATION_LEVEL = "-Onone";
				TARGETED_DEVICE_FAMILY = "1,2";
			};
			name = Debug;
		};
		ECEB661E1BE97AE8002DE9B0 /* Release */ = {
			isa = XCBuildConfiguration;
			buildSettings = {
				ALWAYS_SEARCH_USER_PATHS = NO;
				CLANG_CXX_LANGUAGE_STANDARD = "gnu++0x";
				CLANG_CXX_LIBRARY = "libc++";
				CLANG_ENABLE_MODULES = YES;
				CLANG_ENABLE_OBJC_ARC = YES;
				CLANG_WARN_BOOL_CONVERSION = YES;
				CLANG_WARN_CONSTANT_CONVERSION = YES;
				CLANG_WARN_DIRECT_OBJC_ISA_USAGE = YES_ERROR;
				CLANG_WARN_EMPTY_BODY = YES;
				CLANG_WARN_ENUM_CONVERSION = YES;
				CLANG_WARN_INT_CONVERSION = YES;
				CLANG_WARN_OBJC_ROOT_CLASS = YES_ERROR;
				CLANG_WARN_UNREACHABLE_CODE = YES;
				CLANG_WARN__DUPLICATE_METHOD_MATCH = YES;
				"CODE_SIGN_IDENTITY[sdk=iphoneos*]" = "iPhone Developer";
				COPY_PHASE_STRIP = NO;
				DEBUG_INFORMATION_FORMAT = "dwarf-with-dsym";
				ENABLE_NS_ASSERTIONS = NO;
				ENABLE_STRICT_OBJC_MSGSEND = YES;
				GCC_C_LANGUAGE_STANDARD = gnu99;
				GCC_NO_COMMON_BLOCKS = YES;
				GCC_WARN_64_TO_32_BIT_CONVERSION = YES;
				GCC_WARN_ABOUT_RETURN_TYPE = YES_ERROR;
				GCC_WARN_UNDECLARED_SELECTOR = YES;
				GCC_WARN_UNINITIALIZED_AUTOS = YES_AGGRESSIVE;
				GCC_WARN_UNUSED_FUNCTION = YES;
				GCC_WARN_UNUSED_VARIABLE = YES;
				IPHONEOS_DEPLOYMENT_TARGET = 9.1;
				MTL_ENABLE_DEBUG_INFO = NO;
				SDKROOT = iphoneos;
				TARGETED_DEVICE_FAMILY = "1,2";
				VALIDATE_PRODUCT = YES;
			};
			name = Release;
		};
		ECEB66201BE97AE8002DE9B0 /* Debug */ = {
			isa = XCBuildConfiguration;
			baseConfigurationReference = DB2D22E00B332A8FECB668F0 /* Pods-Twitter.debug.xcconfig */;
			buildSettings = {
				ASSETCATALOG_COMPILER_APPICON_NAME = AppIcon;
				INFOPLIST_FILE = Twitter/Info.plist;
				LD_RUNPATH_SEARCH_PATHS = "$(inherited) @executable_path/Frameworks";
				PRODUCT_BUNDLE_IDENTIFIER = com.pingzh.com.Twitter;
				PRODUCT_NAME = "$(TARGET_NAME)";
			};
			name = Debug;
		};
		ECEB66211BE97AE8002DE9B0 /* Release */ = {
			isa = XCBuildConfiguration;
			baseConfigurationReference = 282B43EFD3EF8AF21A9E43AF /* Pods-Twitter.release.xcconfig */;
			buildSettings = {
				ASSETCATALOG_COMPILER_APPICON_NAME = AppIcon;
				INFOPLIST_FILE = Twitter/Info.plist;
				LD_RUNPATH_SEARCH_PATHS = "$(inherited) @executable_path/Frameworks";
				PRODUCT_BUNDLE_IDENTIFIER = com.pingzh.com.Twitter;
				PRODUCT_NAME = "$(TARGET_NAME)";
			};
			name = Release;
		};
		ECEB66231BE97AE8002DE9B0 /* Debug */ = {
			isa = XCBuildConfiguration;
			buildSettings = {
				BUNDLE_LOADER = "$(TEST_HOST)";
				INFOPLIST_FILE = TwitterTests/Info.plist;
				LD_RUNPATH_SEARCH_PATHS = "$(inherited) @executable_path/Frameworks @loader_path/Frameworks";
				PRODUCT_BUNDLE_IDENTIFIER = com.pingzh.com.TwitterTests;
				PRODUCT_NAME = "$(TARGET_NAME)";
				TEST_HOST = "$(BUILT_PRODUCTS_DIR)/Twitter.app/Twitter";
			};
			name = Debug;
		};
		ECEB66241BE97AE8002DE9B0 /* Release */ = {
			isa = XCBuildConfiguration;
			buildSettings = {
				BUNDLE_LOADER = "$(TEST_HOST)";
				INFOPLIST_FILE = TwitterTests/Info.plist;
				LD_RUNPATH_SEARCH_PATHS = "$(inherited) @executable_path/Frameworks @loader_path/Frameworks";
				PRODUCT_BUNDLE_IDENTIFIER = com.pingzh.com.TwitterTests;
				PRODUCT_NAME = "$(TARGET_NAME)";
				TEST_HOST = "$(BUILT_PRODUCTS_DIR)/Twitter.app/Twitter";
			};
			name = Release;
		};
		ECEB66261BE97AE8002DE9B0 /* Debug */ = {
			isa = XCBuildConfiguration;
			buildSettings = {
				INFOPLIST_FILE = TwitterUITests/Info.plist;
				LD_RUNPATH_SEARCH_PATHS = "$(inherited) @executable_path/Frameworks @loader_path/Frameworks";
				PRODUCT_BUNDLE_IDENTIFIER = com.pingzh.com.TwitterUITests;
				PRODUCT_NAME = "$(TARGET_NAME)";
				TEST_TARGET_NAME = Twitter;
				USES_XCTRUNNER = YES;
			};
			name = Debug;
		};
		ECEB66271BE97AE8002DE9B0 /* Release */ = {
			isa = XCBuildConfiguration;
			buildSettings = {
				INFOPLIST_FILE = TwitterUITests/Info.plist;
				LD_RUNPATH_SEARCH_PATHS = "$(inherited) @executable_path/Frameworks @loader_path/Frameworks";
				PRODUCT_BUNDLE_IDENTIFIER = com.pingzh.com.TwitterUITests;
				PRODUCT_NAME = "$(TARGET_NAME)";
				TEST_TARGET_NAME = Twitter;
				USES_XCTRUNNER = YES;
			};
			name = Release;
		};
/* End XCBuildConfiguration section */

/* Begin XCConfigurationList section */
		ECEB65F21BE97AE8002DE9B0 /* Build configuration list for PBXProject "Twitter" */ = {
			isa = XCConfigurationList;
			buildConfigurations = (
				ECEB661D1BE97AE8002DE9B0 /* Debug */,
				ECEB661E1BE97AE8002DE9B0 /* Release */,
			);
			defaultConfigurationIsVisible = 0;
			defaultConfigurationName = Release;
		};
		ECEB661F1BE97AE8002DE9B0 /* Build configuration list for PBXNativeTarget "Twitter" */ = {
			isa = XCConfigurationList;
			buildConfigurations = (
				ECEB66201BE97AE8002DE9B0 /* Debug */,
				ECEB66211BE97AE8002DE9B0 /* Release */,
			);
			defaultConfigurationIsVisible = 0;
			defaultConfigurationName = Release;
		};
		ECEB66221BE97AE8002DE9B0 /* Build configuration list for PBXNativeTarget "TwitterTests" */ = {
			isa = XCConfigurationList;
			buildConfigurations = (
				ECEB66231BE97AE8002DE9B0 /* Debug */,
				ECEB66241BE97AE8002DE9B0 /* Release */,
			);
			defaultConfigurationIsVisible = 0;
			defaultConfigurationName = Release;
		};
		ECEB66251BE97AE8002DE9B0 /* Build configuration list for PBXNativeTarget "TwitterUITests" */ = {
			isa = XCConfigurationList;
			buildConfigurations = (
				ECEB66261BE97AE8002DE9B0 /* Debug */,
				ECEB66271BE97AE8002DE9B0 /* Release */,
			);
			defaultConfigurationIsVisible = 0;
			defaultConfigurationName = Release;
		};
/* End XCConfigurationList section */
	};
	rootObject = ECEB65EF1BE97AE8002DE9B0 /* Project object */;
}
